
Microsoft Visual Studio Solution File, Format Version 12.00
# Visual Studio 14
VisualStudioVersion = 14.0.25420.1
MinimumVisualStudioVersion = 10.0.40219.1
Project("{F184B08F-C81C-45F6-A57F-5ABD9991F28F}") = "My Chance With Her", "My Chance With Her\My Chance With Her.vbproj", "{494BA8CB-DDDB-4169-8F92-B438359BD5EB}"
EndProject
Global
	GlobalSection(SolutionConfigurationPlatforms) = preSolution
		Debug|Any CPU = Debug|Any CPU
		Release|Any CPU = Release|Any CPU
	EndGlobalSection
	GlobalSection(ProjectConfigurationPlatforms) = postSolution
		{494BA8CB-DDDB-4169-8F92-B438359BD5EB}.Debug|Any CPU.ActiveCfg = Debug|Any CPU
		{494BA8CB-DDDB-4169-8F92-B438359BD5EB}.Debug|Any CPU.Build.0 = Debug|Any CPU
		{494BA8CB-DDDB-4169-8F92-B438359BD5EB}.Release|Any CPU.ActiveCfg = Release|Any CPU
		{494BA8CB-DDDB-4169-8F92-B438359BD5EB}.Release|Any CPU.Build.0 = Release|Any CPU
	EndGlobalSection
	GlobalSection(SolutionProperties) = preSolution
		HideSolutionNode = FALSE
	EndGlobalSection
EndGlobal
